Microsoft Visual Studio Solution File, Format Version 12.00
#
Project("{2150E333-8FDC-42A3-9474-1A3956D46DE8}") = "src", "src", "{8CAC198E-9527-4EE8-9142-76BF39C420C8}"
EndProject
Project("{FAE04EC0-301F-11D3-BF4B-00C04F79EFBC}") = "Chirp.Web", "src\Chirp.Web\Chirp.Web.csproj", "{43986F24-DB50-49B1-AC51-105A33861D20}"
EndProject
Project("{2150E333-8FDC-42A3-9474-1A3956D46DE8}") = "tests", "tests", "{9910ADF1-627D-47D2-A312-3097C8B83C25}"
EndProject
Project("{FAE04EC0-301F-11D3-BF4B-00C04F79EFBC}") = "Chirp.Web.Tests", "tests\Chirp.Web.Tests\Chirp.Web.Tests.csproj", "{EB46CC01-0866-4E8A-BA10-FACD9B9586E2}"
EndProject
Project("{2150E333-8FDC-42A3-9474-1A3956D46DE8}") = "Chirp.Infrastructure", "Chirp.Infrastructure", "{C032D4E3-8B99-4A95-B6CB-3211930A4FCC}"
EndProject
Project("{FAE04EC0-301F-11D3-BF4B-00C04F79EFBC}") = "Chirp.Services", "src\Chirp.Infrastructure\Chirp.Services\Chirp.Services.csproj", "{0A73200E-8CF8-47F1-AD53-168AB4688031}"
EndProject
Project("{FAE04EC0-301F-11D3-BF4B-00C04F79EFBC}") = "Chirp.Repositories", "src\Chirp.Infrastructure\Chirp.Repositories\Chirp.Repositories.csproj", "{6E18D229-2330-4FB1-9CB9-542B21B9929D}"
EndProject
Project("{FAE04EC0-301F-11D3-BF4B-00C04F79EFBC}") = "Chirp.Core", "src\Chirp.Core\Chirp.Core.csproj", "{19B2C8F4-98D3-40D5-9340-86920F66E320}"
EndProject
Project("{FAE04EC0-301F-11D3-BF4B-00C04F79EFBC}") = "Chirp.DTOs", "src\Chirp.Infrastructure\Chirp.DTOs\Chirp.DTOs.csproj", "{F49EDCE9-2804-4792-9748-ED29CC3E9075}"
EndProject
Global
	GlobalSection(SolutionConfigurationPlatforms) = preSolution
		Debug|Any CPU = Debug|Any CPU
		Debug|x64 = Debug|x64
		Debug|x86 = Debug|x86
		Release|Any CPU = Release|Any CPU
		Release|x64 = Release|x64
		Release|x86 = Release|x86
	EndGlobalSection
	GlobalSection(ProjectConfigurationPlatforms) = postSolution
		{43986F24-DB50-49B1-AC51-105A33861D20}.Debug|Any CPU.ActiveCfg = Debug|Any CPU
		{43986F24-DB50-49B1-AC51-105A33861D20}.Debug|Any CPU.Build.0 = Debug|Any CPU
		{43986F24-DB50-49B1-AC51-105A33861D20}.Debug|x64.ActiveCfg = Debug|Any CPU
		{43986F24-DB50-49B1-AC51-105A33861D20}.Debug|x64.Build.0 = Debug|Any CPU
		{43986F24-DB50-49B1-AC51-105A33861D20}.Debug|x86.ActiveCfg = Debug|Any CPU
		{43986F24-DB50-49B1-AC51-105A33861D20}.Debug|x86.Build.0 = Debug|Any CPU
		{43986F24-DB50-49B1-AC51-105A33861D20}.Release|Any CPU.ActiveCfg = Release|Any CPU
		{43986F24-DB50-49B1-AC51-105A33861D20}.Release|Any CPU.Build.0 = Release|Any CPU
		{43986F24-DB50-49B1-AC51-105A33861D20}.Release|x64.ActiveCfg = Release|Any CPU
		{43986F24-DB50-49B1-AC51-105A33861D20}.Release|x64.Build.0 = Release|Any CPU
		{43986F24-DB50-49B1-AC51-105A33861D20}.Release|x86.ActiveCfg = Release|Any CPU
		{43986F24-DB50-49B1-AC51-105A33861D20}.Release|x86.Build.0 = Release|Any CPU
		{EB46CC01-0866-4E8A-BA10-FACD9B9586E2}.Debug|Any CPU.ActiveCfg = Debug|Any CPU
		{EB46CC01-0866-4E8A-BA10-FACD9B9586E2}.Debug|Any CPU.Build.0 = Debug|Any CPU
		{EB46CC01-0866-4E8A-BA10-FACD9B9586E2}.Debug|x64.ActiveCfg = Debug|Any CPU
		{EB46CC01-0866-4E8A-BA10-FACD9B9586E2}.Debug|x64.Build.0 = Debug|Any CPU
		{EB46CC01-0866-4E8A-BA10-FACD9B9586E2}.Debug|x86.ActiveCfg = Debug|Any CPU
		{EB46CC01-0866-4E8A-BA10-FACD9B9586E2}.Debug|x86.Build.0 = Debug|Any CPU
		{EB46CC01-0866-4E8A-BA10-FACD9B9586E2}.Release|Any CPU.ActiveCfg = Release|Any CPU
		{EB46CC01-0866-4E8A-BA10-FACD9B9586E2}.Release|Any CPU.Build.0 = Release|Any CPU
		{EB46CC01-0866-4E8A-BA10-FACD9B9586E2}.Release|x64.ActiveCfg = Release|Any CPU
		{EB46CC01-0866-4E8A-BA10-FACD9B9586E2}.Release|x64.Build.0 = Release|Any CPU
		{EB46CC01-0866-4E8A-BA10-FACD9B9586E2}.Release|x86.ActiveCfg = Release|Any CPU
		{EB46CC01-0866-4E8A-BA10-FACD9B9586E2}.Release|x86.Build.0 = Release|Any CPU
		{0A73200E-8CF8-47F1-AD53-168AB4688031}.Debug|Any CPU.ActiveCfg = Debug|Any CPU
		{0A73200E-8CF8-47F1-AD53-168AB4688031}.Debug|Any CPU.Build.0 = Debug|Any CPU
		{0A73200E-8CF8-47F1-AD53-168AB4688031}.Debug|x64.ActiveCfg = Debug|Any CPU
		{0A73200E-8CF8-47F1-AD53-168AB4688031}.Debug|x64.Build.0 = Debug|Any CPU
		{0A73200E-8CF8-47F1-AD53-168AB4688031}.Debug|x86.ActiveCfg = Debug|Any CPU
		{0A73200E-8CF8-47F1-AD53-168AB4688031}.Debug|x86.Build.0 = Debug|Any CPU
		{0A73200E-8CF8-47F1-AD53-168AB4688031}.Release|Any CPU.ActiveCfg = Release|Any CPU
		{0A73200E-8CF8-47F1-AD53-168AB4688031}.Release|Any CPU.Build.0 = Release|Any CPU
		{0A73200E-8CF8-47F1-AD53-168AB4688031}.Release|x64.ActiveCfg = Release|Any CPU
		{0A73200E-8CF8-47F1-AD53-168AB4688031}.Release|x64.Build.0 = Release|Any CPU
		{0A73200E-8CF8-47F1-AD53-168AB4688031}.Release|x86.ActiveCfg = Release|Any CPU
		{0A73200E-8CF8-47F1-AD53-168AB4688031}.Release|x86.Build.0 = Release|Any CPU
		{6E18D229-2330-4FB1-9CB9-542B21B9929D}.Debug|Any CPU.ActiveCfg = Debug|Any CPU
		{6E18D229-2330-4FB1-9CB9-542B21B9929D}.Debug|Any CPU.Build.0 = Debug|Any CPU
		{6E18D229-2330-4FB1-9CB9-542B21B9929D}.Debug|x64.ActiveCfg = Debug|Any CPU
		{6E18D229-2330-4FB1-9CB9-542B21B9929D}.Debug|x64.Build.0 = Debug|Any CPU
		{6E18D229-2330-4FB1-9CB9-542B21B9929D}.Debug|x86.ActiveCfg = Debug|Any CPU
		{6E18D229-2330-4FB1-9CB9-542B21B9929D}.Debug|x86.Build.0 = Debug|Any CPU
		{6E18D229-2330-4FB1-9CB9-542B21B9929D}.Release|Any CPU.ActiveCfg = Release|Any CPU
		{6E18D229-2330-4FB1-9CB9-542B21B9929D}.Release|Any CPU.Build.0 = Release|Any CPU
		{6E18D229-2330-4FB1-9CB9-542B21B9929D}.Release|x64.ActiveCfg = Release|Any CPU
		{6E18D229-2330-4FB1-9CB9-542B21B9929D}.Release|x64.Build.0 = Release|Any CPU
		{6E18D229-2330-4FB1-9CB9-542B21B9929D}.Release|x86.ActiveCfg = Release|Any CPU
		{6E18D229-2330-4FB1-9CB9-542B21B9929D}.Release|x86.Build.0 = Release|Any CPU
		{19B2C8F4-98D3-40D5-9340-86920F66E320}.Debug|Any CPU.ActiveCfg = Debug|Any CPU
		{19B2C8F4-98D3-40D5-9340-86920F66E320}.Debug|Any CPU.Build.0 = Debug|Any CPU
		{19B2C8F4-98D3-40D5-9340-86920F66E320}.Debug|x64.ActiveCfg = Debug|Any CPU
		{19B2C8F4-98D3-40D5-9340-86920F66E320}.Debug|x64.Build.0 = Debug|Any CPU
		{19B2C8F4-98D3-40D5-9340-86920F66E320}.Debug|x86.ActiveCfg = Debug|Any CPU
		{19B2C8F4-98D3-40D5-9340-86920F66E320}.Debug|x86.Build.0 = Debug|Any CPU
		{19B2C8F4-98D3-40D5-9340-86920F66E320}.Release|Any CPU.ActiveCfg = Release|Any CPU
		{19B2C8F4-98D3-40D5-9340-86920F66E320}.Release|Any CPU.Build.0 = Release|Any CPU
		{19B2C8F4-98D3-40D5-9340-86920F66E320}.Release|x64.ActiveCfg = Release|Any CPU
		{19B2C8F4-98D3-40D5-9340-86920F66E320}.Release|x64.Build.0 = Release|Any CPU
		{19B2C8F4-98D3-40D5-9340-86920F66E320}.Release|x86.ActiveCfg = Release|Any CPU
		{19B2C8F4-98D3-40D5-9340-86920F66E320}.Release|x86.Build.0 = Release|Any CPU
		{F49EDCE9-2804-4792-9748-ED29CC3E9075}.Debug|Any CPU.ActiveCfg = Debug|Any CPU
		{F49EDCE9-2804-4792-9748-ED29CC3E9075}.Debug|Any CPU.Build.0 = Debug|Any CPU
		{F49EDCE9-2804-4792-9748-ED29CC3E9075}.Debug|x64.ActiveCfg = Debug|Any CPU
		{F49EDCE9-2804-4792-9748-ED29CC3E9075}.Debug|x64.Build.0 = Debug|Any CPU
		{F49EDCE9-2804-4792-9748-ED29CC3E9075}.Debug|x86.ActiveCfg = Debug|Any CPU
		{F49EDCE9-2804-4792-9748-ED29CC3E9075}.Debug|x86.Build.0 = Debug|Any CPU
		{F49EDCE9-2804-4792-9748-ED29CC3E9075}.Release|Any CPU.ActiveCfg = Release|Any CPU
		{F49EDCE9-2804-4792-9748-ED29CC3E9075}.Release|Any CPU.Build.0 = Release|Any CPU
		{F49EDCE9-2804-4792-9748-ED29CC3E9075}.Release|x64.ActiveCfg = Release|Any CPU
		{F49EDCE9-2804-4792-9748-ED29CC3E9075}.Release|x64.Build.0 = Release|Any CPU
		{F49EDCE9-2804-4792-9748-ED29CC3E9075}.Release|x86.ActiveCfg = Release|Any CPU
		{F49EDCE9-2804-4792-9748-ED29CC3E9075}.Release|x86.Build.0 = Release|Any CPU
	EndGlobalSection
	GlobalSection(NestedProjects) = preSolution
		{43986F24-DB50-49B1-AC51-105A33861D20} = {8CAC198E-9527-4EE8-9142-76BF39C420C8}
		{EB46CC01-0866-4E8A-BA10-FACD9B9586E2} = {9910ADF1-627D-47D2-A312-3097C8B83C25}
		{C032D4E3-8B99-4A95-B6CB-3211930A4FCC} = {8CAC198E-9527-4EE8-9142-76BF39C420C8}
		{0A73200E-8CF8-47F1-AD53-168AB4688031} = {C032D4E3-8B99-4A95-B6CB-3211930A4FCC}
		{6E18D229-2330-4FB1-9CB9-542B21B9929D} = {C032D4E3-8B99-4A95-B6CB-3211930A4FCC}
		{19B2C8F4-98D3-40D5-9340-86920F66E320} = {8CAC198E-9527-4EE8-9142-76BF39C420C8}
		{F49EDCE9-2804-4792-9748-ED29CC3E9075} = {C032D4E3-8B99-4A95-B6CB-3211930A4FCC}
	EndGlobalSection
EndGlobal
