
Microsoft Visual Studio Solution File, Format Version 12.00
# 
Project("{FAE04EC0-301F-11D3-BF4B-00C04F79EFBC}") = "Chirp.CLI", "Chirp.CLI\Chirp.CLI.csproj", "{E2D29883-5951-4FDE-B507-111C20D81034}"
EndProject
Project("{FAE04EC0-301F-11D3-BF4B-00C04F79EFBC}") = "SimpleDB", "SimpleDB\SimpleDB.csproj", "{41151EBE-F1CF-457A-9D54-B4BFFFD5407F}"
EndProject
Project("{2150E333-8FDC-42A3-9474-1A3956D46DE8}") = "tests", "tests", "{10608897-7CB9-4683-9541-8865C1A5D2E9}"
EndProject
Project("{FAE04EC0-301F-11D3-BF4B-00C04F79EFBC}") = "Chirp.CLI.Client.Tests", "tests\Chirp.CLI.Client.Tests\Chirp.CLI.Client.Tests.csproj", "{75DCFB2B-F301-495C-B3A9-EF5D2896096F}"
EndProject
Project("{FAE04EC0-301F-11D3-BF4B-00C04F79EFBC}") = "Chirp.CLI.SimpleDB.Tests", "tests\Chirp.CLI.SimpleDB.Tests\Chirp.CLI.SimpleDB.Tests.csproj", "{4AD863B1-783E-47B6-945C-EEA044005626}"
EndProject
Global
	GlobalSection(SolutionConfigurdationPlatforms) = preSolution
		Debug|Any CPU = Debug|Any CPU
		Release|Any CPU = Release|Any CPU
	EndGlobalSection
	GlobalSection(ProjectConfigurationPlatforms) = postSolution
		{E2D29883-5951-4FDE-B507-111C20D81034}.Debug|Any CPU.ActiveCfg = Debug|Any CPU
		{E2D29883-5951-4FDE-B507-111C20D81034}.Debug|Any CPU.Build.0 = Debug|Any CPU
		{E2D29883-5951-4FDE-B507-111C20D81034}.Release|Any CPU.ActiveCfg = Release|Any CPU
		{E2D29883-5951-4FDE-B507-111C20D81034}.Release|Any CPU.Build.0 = Release|Any CPU
		{41151EBE-F1CF-457A-9D54-B4BFFFD5407F}.Debug|Any CPU.ActiveCfg = Debug|Any CPU
		{41151EBE-F1CF-457A-9D54-B4BFFFD5407F}.Debug|Any CPU.Build.0 = Debug|Any CPU
		{41151EBE-F1CF-457A-9D54-B4BFFFD5407F}.Release|Any CPU.ActiveCfg = Release|Any CPU
		{41151EBE-F1CF-457A-9D54-B4BFFFD5407F}.Release|Any CPU.Build.0 = Release|Any CPU
		{75DCFB2B-F301-495C-B3A9-EF5D2896096F}.Debug|Any CPU.ActiveCfg = Debug|Any CPU
		{75DCFB2B-F301-495C-B3A9-EF5D2896096F}.Debug|Any CPU.Build.0 = Debug|Any CPU
		{75DCFB2B-F301-495C-B3A9-EF5D2896096F}.Release|Any CPU.ActiveCfg = Release|Any CPU
		{75DCFB2B-F301-495C-B3A9-EF5D2896096F}.Release|Any CPU.Build.0 = Release|Any CPU
		{4AD863B1-783E-47B6-945C-EEA044005626}.Debug|Any CPU.ActiveCfg = Debug|Any CPU
		{4AD863B1-783E-47B6-945C-EEA044005626}.Debug|Any CPU.Build.0 = Debug|Any CPU
		{4AD863B1-783E-47B6-945C-EEA044005626}.Release|Any CPU.ActiveCfg = Release|Any CPU
		{4AD863B1-783E-47B6-945C-EEA044005626}.Release|Any CPU.Build.0 = Release|Any CPU
	EndGlobalSection
	GlobalSection(SolutionConfigurationPlatforms) = preSolution
		Debug|Any CPU = Debug|Any CPU
		Release|Any CPU = Release|Any CPU
	EndGlobalSection
	GlobalSection(NestedProjects) = preSolution
		{75DCFB2B-F301-495C-B3A9-EF5D2896096F} = {10608897-7CB9-4683-9541-8865C1A5D2E9}
		{4AD863B1-783E-47B6-945C-EEA044005626} = {10608897-7CB9-4683-9541-8865C1A5D2E9}
	EndGlobalSection
EndGlobal
