
Microsoft Visual Studio Solution File, Format Version 12.00
# Visual Studio Version 17
VisualStudioVersion = 17.0.31903.59
MinimumVisualStudioVersion = 10.0.40219.1
Project("{2150E333-8FDC-42A3-9474-1A3956D46DE8}") = "src", "src", "{F1BA6E7A-5C3D-4C86-BD35-BA585BC4D5F8}"
EndProject
Project("{2150E333-8FDC-42A3-9474-1A3956D46DE8}") = "Chirp.Core", "Chirp.Core", "{34A3C3F9-486C-461B-AC0E-79AF38C950B1}"
EndProject
Project("{FAE04EC0-301F-11D3-BF4B-00C04F79EFBC}") = "Chirp.Core.DTOs", "src\Chirp.Core\Chirp.Core.DTOs\Chirp.Core.DTOs.csproj", "{C883A992-5F7A-440D-A74C-9908BBEC1B79}"
EndProject
Project("{FAE04EC0-301F-11D3-BF4B-00C04F79EFBC}") = "Chirp.Core.Entities", "src\Chirp.Core\Chirp.Core.Entities\Chirp.Core.Entities.csproj", "{CC7CE095-3C05-4607-998E-967BB7663CBA}"
EndProject
Project("{2150E333-8FDC-42A3-9474-1A3956D46DE8}") = "Chirp.Infrastructure", "Chirp.Infrastructure", "{C64E01CE-BFA9-4DD4-BFB8-29FB06E7E11B}"
EndProject
Project("{FAE04EC0-301F-11D3-BF4B-00C04F79EFBC}") = "Chirp.Infrastructure.Repositories", "src\Chirp.Infrastructure\Chirp.Infrastructure.Repositories\Chirp.Infrastructure.Repositories.csproj", "{7237BB4C-4523-4B05-9879-8147E28FBAD5}"
EndProject
Project("{FAE04EC0-301F-11D3-BF4B-00C04F79EFBC}") = "Chirp.Infrastructure.Services", "src\Chirp.Infrastructure\Chirp.Infrastructure.Services\Chirp.Infrastructure.Services.csproj", "{13ACCF1B-0207-4086-B002-BC6A10E895A2}"
EndProject
Project("{FAE04EC0-301F-11D3-BF4B-00C04F79EFBC}") = "Chirp.Web", "src\Chirp.Web\Chirp.Web.csproj", "{1E2EDFCF-0D77-4D78-A4FD-D3A5C90D68D4}"
EndProject
Project("{2150E333-8FDC-42A3-9474-1A3956D46DE8}") = "tests", "tests", "{6E321730-AEFC-4E86-A777-70F30C8DCFAD}"
EndProject
Project("{FAE04EC0-301F-11D3-BF4B-00C04F79EFBC}") = "Chirp.Web.Tests", "tests\Chirp.Web.Tests\Chirp.Web.Tests.csproj", "{6C1ED13B-1831-40D8-B2AD-CE658463113A}"
EndProject
Project("{FAE04EC0-301F-11D3-BF4B-00C04F79EFBC}") = "Chirp.CheepRepository.Tests", "tests\Chirp.CheepRepository.Tests\Chirp.CheepRepository.Tests.csproj", "{776755CA-CAB9-476E-A68C-6DACAF03784E}"
EndProject
Global
	GlobalSection(SolutionConfigurationPlatforms) = preSolution
		Debug|Any CPU = Debug|Any CPU
		Release|Any CPU = Release|Any CPU
	EndGlobalSection
	GlobalSection(SolutionProperties) = preSolution
		HideSolutionNode = FALSE
	EndGlobalSection
	GlobalSection(ProjectConfigurationPlatforms) = postSolution
		{C883A992-5F7A-440D-A74C-9908BBEC1B79}.Debug|Any CPU.ActiveCfg = Debug|Any CPU
		{C883A992-5F7A-440D-A74C-9908BBEC1B79}.Debug|Any CPU.Build.0 = Debug|Any CPU
		{C883A992-5F7A-440D-A74C-9908BBEC1B79}.Release|Any CPU.ActiveCfg = Release|Any CPU
		{C883A992-5F7A-440D-A74C-9908BBEC1B79}.Release|Any CPU.Build.0 = Release|Any CPU
		{CC7CE095-3C05-4607-998E-967BB7663CBA}.Debug|Any CPU.ActiveCfg = Debug|Any CPU
		{CC7CE095-3C05-4607-998E-967BB7663CBA}.Debug|Any CPU.Build.0 = Debug|Any CPU
		{CC7CE095-3C05-4607-998E-967BB7663CBA}.Release|Any CPU.ActiveCfg = Release|Any CPU
		{CC7CE095-3C05-4607-998E-967BB7663CBA}.Release|Any CPU.Build.0 = Release|Any CPU
		{7237BB4C-4523-4B05-9879-8147E28FBAD5}.Debug|Any CPU.ActiveCfg = Debug|Any CPU
		{7237BB4C-4523-4B05-9879-8147E28FBAD5}.Debug|Any CPU.Build.0 = Debug|Any CPU
		{7237BB4C-4523-4B05-9879-8147E28FBAD5}.Release|Any CPU.ActiveCfg = Release|Any CPU
		{7237BB4C-4523-4B05-9879-8147E28FBAD5}.Release|Any CPU.Build.0 = Release|Any CPU
		{13ACCF1B-0207-4086-B002-BC6A10E895A2}.Debug|Any CPU.ActiveCfg = Debug|Any CPU
		{13ACCF1B-0207-4086-B002-BC6A10E895A2}.Debug|Any CPU.Build.0 = Debug|Any CPU
		{13ACCF1B-0207-4086-B002-BC6A10E895A2}.Release|Any CPU.ActiveCfg = Release|Any CPU
		{13ACCF1B-0207-4086-B002-BC6A10E895A2}.Release|Any CPU.Build.0 = Release|Any CPU
		{1E2EDFCF-0D77-4D78-A4FD-D3A5C90D68D4}.Debug|Any CPU.ActiveCfg = Debug|Any CPU
		{1E2EDFCF-0D77-4D78-A4FD-D3A5C90D68D4}.Debug|Any CPU.Build.0 = Debug|Any CPU
		{1E2EDFCF-0D77-4D78-A4FD-D3A5C90D68D4}.Release|Any CPU.ActiveCfg = Release|Any CPU
		{1E2EDFCF-0D77-4D78-A4FD-D3A5C90D68D4}.Release|Any CPU.Build.0 = Release|Any CPU
		{6C1ED13B-1831-40D8-B2AD-CE658463113A}.Debug|Any CPU.ActiveCfg = Debug|Any CPU
		{6C1ED13B-1831-40D8-B2AD-CE658463113A}.Debug|Any CPU.Build.0 = Debug|Any CPU
		{6C1ED13B-1831-40D8-B2AD-CE658463113A}.Release|Any CPU.ActiveCfg = Release|Any CPU
		{6C1ED13B-1831-40D8-B2AD-CE658463113A}.Release|Any CPU.Build.0 = Release|Any CPU
		{776755CA-CAB9-476E-A68C-6DACAF03784E}.Debug|Any CPU.ActiveCfg = Debug|Any CPU
		{776755CA-CAB9-476E-A68C-6DACAF03784E}.Debug|Any CPU.Build.0 = Debug|Any CPU
		{776755CA-CAB9-476E-A68C-6DACAF03784E}.Release|Any CPU.ActiveCfg = Release|Any CPU
		{776755CA-CAB9-476E-A68C-6DACAF03784E}.Release|Any CPU.Build.0 = Release|Any CPU
	EndGlobalSection
	GlobalSection(NestedProjects) = preSolution
		{34A3C3F9-486C-461B-AC0E-79AF38C950B1} = {F1BA6E7A-5C3D-4C86-BD35-BA585BC4D5F8}
		{C883A992-5F7A-440D-A74C-9908BBEC1B79} = {34A3C3F9-486C-461B-AC0E-79AF38C950B1}
		{CC7CE095-3C05-4607-998E-967BB7663CBA} = {34A3C3F9-486C-461B-AC0E-79AF38C950B1}
		{C64E01CE-BFA9-4DD4-BFB8-29FB06E7E11B} = {F1BA6E7A-5C3D-4C86-BD35-BA585BC4D5F8}
		{7237BB4C-4523-4B05-9879-8147E28FBAD5} = {C64E01CE-BFA9-4DD4-BFB8-29FB06E7E11B}
		{13ACCF1B-0207-4086-B002-BC6A10E895A2} = {C64E01CE-BFA9-4DD4-BFB8-29FB06E7E11B}
		{1E2EDFCF-0D77-4D78-A4FD-D3A5C90D68D4} = {F1BA6E7A-5C3D-4C86-BD35-BA585BC4D5F8}
		{6C1ED13B-1831-40D8-B2AD-CE658463113A} = {6E321730-AEFC-4E86-A777-70F30C8DCFAD}
		{776755CA-CAB9-476E-A68C-6DACAF03784E} = {6E321730-AEFC-4E86-A777-70F30C8DCFAD}
	EndGlobalSection
EndGlobal
