
Microsoft Visual Studio Solution File, Format Version 12.00
# Visual Studio Version 17
VisualStudioVersion = 17.0.31903.59
MinimumVisualStudioVersion = 10.0.40219.1
Project("{2150E333-8FDC-42A3-9474-1A3956D46DE8}") = "src", "src", "{00F42989-EDE7-41A2-9A2C-5043CB1D0342}"
EndProject
Project("{FAE04EC0-301F-11D3-BF4B-00C04F79EFBC}") = "Core", "src\Core\Core.csproj", "{57DE35CF-4E86-49BF-A8A6-AA43F9366F42}"
EndProject
Project("{FAE04EC0-301F-11D3-BF4B-00C04F79EFBC}") = "Infrastructure", "src\Infrastructure\Infrastructure.csproj", "{A191CA29-3F69-46CF-93A4-86E6BF272F1C}"
EndProject
Project("{FAE04EC0-301F-11D3-BF4B-00C04F79EFBC}") = "Web", "src\Web\Web.csproj", "{3BCDA172-F5B8-4AAE-84FB-E5BDDB7591D1}"
EndProject
Project("{2150E333-8FDC-42A3-9474-1A3956D46DE8}") = "tests", "tests", "{5EAA4BA4-78E0-424F-A325-70908B745E8A}"
EndProject
Project("{FAE04EC0-301F-11D3-BF4B-00C04F79EFBC}") = "Repository.Tests", "tests\Repository.Tests\Repository.Tests.csproj", "{BB82C570-4241-4BAA-AE3F-43270D96612C}"
EndProject
Project("{FAE04EC0-301F-11D3-BF4B-00C04F79EFBC}") = "Service.Test", "tests\Service.Test\Service.Test.csproj", "{A81AC9B5-34F6-4520-8EE1-BB180C7C510D}"
EndProject
Project("{FAE04EC0-301F-11D3-BF4B-00C04F79EFBC}") = "Web.UITest", "tests\Web.UITest\Web.UITest.csproj", "{A8C2381F-3F1C-4350-8C39-B5B40E819FC3}"
EndProject
Global
	GlobalSection(SolutionConfigurationPlatforms) = preSolution
		Debug|Any CPU = Debug|Any CPU
		Debug|x64 = Debug|x64
		Debug|x86 = Debug|x86
		Release|Any CPU = Release|Any CPU
		Release|x64 = Release|x64
		Release|x86 = Release|x86
	EndGlobalSection
	GlobalSection(ProjectConfigurationPlatforms) = postSolution
		{57DE35CF-4E86-49BF-A8A6-AA43F9366F42}.Debug|Any CPU.ActiveCfg = Debug|Any CPU
		{57DE35CF-4E86-49BF-A8A6-AA43F9366F42}.Debug|Any CPU.Build.0 = Debug|Any CPU
		{57DE35CF-4E86-49BF-A8A6-AA43F9366F42}.Debug|x64.ActiveCfg = Debug|Any CPU
		{57DE35CF-4E86-49BF-A8A6-AA43F9366F42}.Debug|x64.Build.0 = Debug|Any CPU
		{57DE35CF-4E86-49BF-A8A6-AA43F9366F42}.Debug|x86.ActiveCfg = Debug|Any CPU
		{57DE35CF-4E86-49BF-A8A6-AA43F9366F42}.Debug|x86.Build.0 = Debug|Any CPU
		{57DE35CF-4E86-49BF-A8A6-AA43F9366F42}.Release|Any CPU.ActiveCfg = Release|Any CPU
		{57DE35CF-4E86-49BF-A8A6-AA43F9366F42}.Release|Any CPU.Build.0 = Release|Any CPU
		{57DE35CF-4E86-49BF-A8A6-AA43F9366F42}.Release|x64.ActiveCfg = Release|Any CPU
		{57DE35CF-4E86-49BF-A8A6-AA43F9366F42}.Release|x64.Build.0 = Release|Any CPU
		{57DE35CF-4E86-49BF-A8A6-AA43F9366F42}.Release|x86.ActiveCfg = Release|Any CPU
		{57DE35CF-4E86-49BF-A8A6-AA43F9366F42}.Release|x86.Build.0 = Release|Any CPU
		{A191CA29-3F69-46CF-93A4-86E6BF272F1C}.Debug|Any CPU.ActiveCfg = Debug|Any CPU
		{A191CA29-3F69-46CF-93A4-86E6BF272F1C}.Debug|Any CPU.Build.0 = Debug|Any CPU
		{A191CA29-3F69-46CF-93A4-86E6BF272F1C}.Debug|x64.ActiveCfg = Debug|Any CPU
		{A191CA29-3F69-46CF-93A4-86E6BF272F1C}.Debug|x64.Build.0 = Debug|Any CPU
		{A191CA29-3F69-46CF-93A4-86E6BF272F1C}.Debug|x86.ActiveCfg = Debug|Any CPU
		{A191CA29-3F69-46CF-93A4-86E6BF272F1C}.Debug|x86.Build.0 = Debug|Any CPU
		{A191CA29-3F69-46CF-93A4-86E6BF272F1C}.Release|Any CPU.ActiveCfg = Release|Any CPU
		{A191CA29-3F69-46CF-93A4-86E6BF272F1C}.Release|Any CPU.Build.0 = Release|Any CPU
		{A191CA29-3F69-46CF-93A4-86E6BF272F1C}.Release|x64.ActiveCfg = Release|Any CPU
		{A191CA29-3F69-46CF-93A4-86E6BF272F1C}.Release|x64.Build.0 = Release|Any CPU
		{A191CA29-3F69-46CF-93A4-86E6BF272F1C}.Release|x86.ActiveCfg = Release|Any CPU
		{A191CA29-3F69-46CF-93A4-86E6BF272F1C}.Release|x86.Build.0 = Release|Any CPU
		{3BCDA172-F5B8-4AAE-84FB-E5BDDB7591D1}.Debug|Any CPU.ActiveCfg = Debug|Any CPU
		{3BCDA172-F5B8-4AAE-84FB-E5BDDB7591D1}.Debug|Any CPU.Build.0 = Debug|Any CPU
		{3BCDA172-F5B8-4AAE-84FB-E5BDDB7591D1}.Debug|x64.ActiveCfg = Debug|Any CPU
		{3BCDA172-F5B8-4AAE-84FB-E5BDDB7591D1}.Debug|x64.Build.0 = Debug|Any CPU
		{3BCDA172-F5B8-4AAE-84FB-E5BDDB7591D1}.Debug|x86.ActiveCfg = Debug|Any CPU
		{3BCDA172-F5B8-4AAE-84FB-E5BDDB7591D1}.Debug|x86.Build.0 = Debug|Any CPU
		{3BCDA172-F5B8-4AAE-84FB-E5BDDB7591D1}.Release|Any CPU.ActiveCfg = Release|Any CPU
		{3BCDA172-F5B8-4AAE-84FB-E5BDDB7591D1}.Release|Any CPU.Build.0 = Release|Any CPU
		{3BCDA172-F5B8-4AAE-84FB-E5BDDB7591D1}.Release|x64.ActiveCfg = Release|Any CPU
		{3BCDA172-F5B8-4AAE-84FB-E5BDDB7591D1}.Release|x64.Build.0 = Release|Any CPU
		{3BCDA172-F5B8-4AAE-84FB-E5BDDB7591D1}.Release|x86.ActiveCfg = Release|Any CPU
		{3BCDA172-F5B8-4AAE-84FB-E5BDDB7591D1}.Release|x86.Build.0 = Release|Any CPU
		{BB82C570-4241-4BAA-AE3F-43270D96612C}.Debug|Any CPU.ActiveCfg = Debug|Any CPU
		{BB82C570-4241-4BAA-AE3F-43270D96612C}.Debug|Any CPU.Build.0 = Debug|Any CPU
		{BB82C570-4241-4BAA-AE3F-43270D96612C}.Debug|x64.ActiveCfg = Debug|Any CPU
		{BB82C570-4241-4BAA-AE3F-43270D96612C}.Debug|x64.Build.0 = Debug|Any CPU
		{BB82C570-4241-4BAA-AE3F-43270D96612C}.Debug|x86.ActiveCfg = Debug|Any CPU
		{BB82C570-4241-4BAA-AE3F-43270D96612C}.Debug|x86.Build.0 = Debug|Any CPU
		{BB82C570-4241-4BAA-AE3F-43270D96612C}.Release|Any CPU.ActiveCfg = Release|Any CPU
		{BB82C570-4241-4BAA-AE3F-43270D96612C}.Release|Any CPU.Build.0 = Release|Any CPU
		{BB82C570-4241-4BAA-AE3F-43270D96612C}.Release|x64.ActiveCfg = Release|Any CPU
		{BB82C570-4241-4BAA-AE3F-43270D96612C}.Release|x64.Build.0 = Release|Any CPU
		{BB82C570-4241-4BAA-AE3F-43270D96612C}.Release|x86.ActiveCfg = Release|Any CPU
		{BB82C570-4241-4BAA-AE3F-43270D96612C}.Release|x86.Build.0 = Release|Any CPU
		{A81AC9B5-34F6-4520-8EE1-BB180C7C510D}.Debug|Any CPU.ActiveCfg = Debug|Any CPU
		{A81AC9B5-34F6-4520-8EE1-BB180C7C510D}.Debug|Any CPU.Build.0 = Debug|Any CPU
		{A81AC9B5-34F6-4520-8EE1-BB180C7C510D}.Debug|x64.ActiveCfg = Debug|Any CPU
		{A81AC9B5-34F6-4520-8EE1-BB180C7C510D}.Debug|x64.Build.0 = Debug|Any CPU
		{A81AC9B5-34F6-4520-8EE1-BB180C7C510D}.Debug|x86.ActiveCfg = Debug|Any CPU
		{A81AC9B5-34F6-4520-8EE1-BB180C7C510D}.Debug|x86.Build.0 = Debug|Any CPU
		{A81AC9B5-34F6-4520-8EE1-BB180C7C510D}.Release|Any CPU.ActiveCfg = Release|Any CPU
		{A81AC9B5-34F6-4520-8EE1-BB180C7C510D}.Release|Any CPU.Build.0 = Release|Any CPU
		{A81AC9B5-34F6-4520-8EE1-BB180C7C510D}.Release|x64.ActiveCfg = Release|Any CPU
		{A81AC9B5-34F6-4520-8EE1-BB180C7C510D}.Release|x64.Build.0 = Release|Any CPU
		{A81AC9B5-34F6-4520-8EE1-BB180C7C510D}.Release|x86.ActiveCfg = Release|Any CPU
		{A81AC9B5-34F6-4520-8EE1-BB180C7C510D}.Release|x86.Build.0 = Release|Any CPU
		{A8C2381F-3F1C-4350-8C39-B5B40E819FC3}.Debug|Any CPU.ActiveCfg = Debug|Any CPU
		{A8C2381F-3F1C-4350-8C39-B5B40E819FC3}.Debug|Any CPU.Build.0 = Debug|Any CPU
		{A8C2381F-3F1C-4350-8C39-B5B40E819FC3}.Debug|x64.ActiveCfg = Debug|Any CPU
		{A8C2381F-3F1C-4350-8C39-B5B40E819FC3}.Debug|x64.Build.0 = Debug|Any CPU
		{A8C2381F-3F1C-4350-8C39-B5B40E819FC3}.Debug|x86.ActiveCfg = Debug|Any CPU
		{A8C2381F-3F1C-4350-8C39-B5B40E819FC3}.Debug|x86.Build.0 = Debug|Any CPU
		{A8C2381F-3F1C-4350-8C39-B5B40E819FC3}.Release|Any CPU.ActiveCfg = Release|Any CPU
		{A8C2381F-3F1C-4350-8C39-B5B40E819FC3}.Release|Any CPU.Build.0 = Release|Any CPU
		{A8C2381F-3F1C-4350-8C39-B5B40E819FC3}.Release|x64.ActiveCfg = Release|Any CPU
		{A8C2381F-3F1C-4350-8C39-B5B40E819FC3}.Release|x64.Build.0 = Release|Any CPU
		{A8C2381F-3F1C-4350-8C39-B5B40E819FC3}.Release|x86.ActiveCfg = Release|Any CPU
		{A8C2381F-3F1C-4350-8C39-B5B40E819FC3}.Release|x86.Build.0 = Release|Any CPU
	EndGlobalSection
	GlobalSection(NestedProjects) = preSolution
		{57DE35CF-4E86-49BF-A8A6-AA43F9366F42} = {00F42989-EDE7-41A2-9A2C-5043CB1D0342}
		{A191CA29-3F69-46CF-93A4-86E6BF272F1C} = {00F42989-EDE7-41A2-9A2C-5043CB1D0342}
		{3BCDA172-F5B8-4AAE-84FB-E5BDDB7591D1} = {00F42989-EDE7-41A2-9A2C-5043CB1D0342}
		{BB82C570-4241-4BAA-AE3F-43270D96612C} = {5EAA4BA4-78E0-424F-A325-70908B745E8A}
		{A81AC9B5-34F6-4520-8EE1-BB180C7C510D} = {5EAA4BA4-78E0-424F-A325-70908B745E8A}
		{A8C2381F-3F1C-4350-8C39-B5B40E819FC3} = {5EAA4BA4-78E0-424F-A325-70908B745E8A}
	EndGlobalSection
EndGlobal
