
Microsoft Visual Studio Solution File, Format Version 12.00
# 
Project("{2150E333-8FDC-42A3-9474-1A3956D46DE8}") = "src", "src", "{84BAC6CB-68CB-4877-B5B3-E8261E27C4C4}"
EndProject
Project("{FAE04EC0-301F-11D3-BF4B-00C04F79EFBC}") = "Chirp.CLI.Client", "src\Chirp.CLI.Client\Chirp.CLI.Client.csproj", "{55E9F4C7-FEE9-4CF4-9C56-064898433FE3}"
EndProject
Project("{FAE04EC0-301F-11D3-BF4B-00C04F79EFBC}") = "Chirp.CSVDBService", "src\Chirp.CSVDBService\Chirp.CSVDBService.csproj", "{913F31B7-8571-4BD7-82FA-4D44EB1F2662}"
EndProject
Project("{FAE04EC0-301F-11D3-BF4B-00C04F79EFBC}") = "Chirp.Razor", "src\Chirp.Razor\Chirp.Razor.csproj", "{8F86D5C5-A6FD-4F34-BF3D-0ACB25CD9453}"
EndProject
Project("{FAE04EC0-301F-11D3-BF4B-00C04F79EFBC}") = "SimpleDB", "src\SimpleDB\SimpleDB.csproj", "{D5600FB5-6289-42DC-8889-B0491845EB69}"
EndProject
Project("{2150E333-8FDC-42A3-9474-1A3956D46DE8}") = "tests", "tests", "{289689C7-AF80-443D-BA49-411450DF4F83}"
EndProject
Project("{FAE04EC0-301F-11D3-BF4B-00C04F79EFBC}") = "Chirp.CLI.Client.Tests", "tests\Chirp.CLI.Client.Tests\Chirp.CLI.Client.Tests.csproj", "{1BF26BEA-7F66-4C6F-BABA-BF72878D8F9D}"
EndProject
Project("{FAE04EC0-301F-11D3-BF4B-00C04F79EFBC}") = "Chirp.CLI.CSVDatabase.Tests", "tests\Chirp.CLI.CSVDatabase.Tests\Chirp.CLI.CSVDatabase.Tests.csproj", "{0A2B324A-9254-40D4-8803-02990CEC6EE7}"
EndProject
Project("{FAE04EC0-301F-11D3-BF4B-00C04F79EFBC}") = "Chirp.CLI.CSVDBService.Tests", "tests\Chirp.CLI.CSVDBService.Tests\Chirp.CLI.CSVDBService.Tests.csproj", "{DD13DE71-5EE7-46B6-A834-73AE3D3F736A}"
EndProject
Global
	GlobalSection(SolutionConfigurdationPlatforms) = preSolution
		Debug|Any CPU = Debug|Any CPU
		Release|Any CPU = Release|Any CPU
	EndGlobalSection
	GlobalSection(ProjectConfigurationPlatforms) = postSolution
		{E2D29883-5951-4FDE-B507-111C20D81034}.Debug|Any CPU.ActiveCfg = Debug|Any CPU
		{E2D29883-5951-4FDE-B507-111C20D81034}.Debug|Any CPU.Build.0 = Debug|Any CPU
		{E2D29883-5951-4FDE-B507-111C20D81034}.Release|Any CPU.ActiveCfg = Release|Any CPU
		{E2D29883-5951-4FDE-B507-111C20D81034}.Release|Any CPU.Build.0 = Release|Any CPU
		{41151EBE-F1CF-457A-9D54-B4BFFFD5407F}.Debug|Any CPU.ActiveCfg = Debug|Any CPU
		{41151EBE-F1CF-457A-9D54-B4BFFFD5407F}.Debug|Any CPU.Build.0 = Debug|Any CPU
		{41151EBE-F1CF-457A-9D54-B4BFFFD5407F}.Release|Any CPU.ActiveCfg = Release|Any CPU
		{41151EBE-F1CF-457A-9D54-B4BFFFD5407F}.Release|Any CPU.Build.0 = Release|Any CPU
		{75DCFB2B-F301-495C-B3A9-EF5D2896096F}.Debug|Any CPU.ActiveCfg = Debug|Any CPU
		{75DCFB2B-F301-495C-B3A9-EF5D2896096F}.Debug|Any CPU.Build.0 = Debug|Any CPU
		{75DCFB2B-F301-495C-B3A9-EF5D2896096F}.Release|Any CPU.ActiveCfg = Release|Any CPU
		{75DCFB2B-F301-495C-B3A9-EF5D2896096F}.Release|Any CPU.Build.0 = Release|Any CPU
		{4AD863B1-783E-47B6-945C-EEA044005626}.Debug|Any CPU.ActiveCfg = Debug|Any CPU
		{4AD863B1-783E-47B6-945C-EEA044005626}.Debug|Any CPU.Build.0 = Debug|Any CPU
		{4AD863B1-783E-47B6-945C-EEA044005626}.Release|Any CPU.ActiveCfg = Release|Any CPU
		{4AD863B1-783E-47B6-945C-EEA044005626}.Release|Any CPU.Build.0 = Release|Any CPU
		{652D7A1C-B869-41B3-A839-0D9633E25C69}.Debug|Any CPU.ActiveCfg = Debug|Any CPU
		{652D7A1C-B869-41B3-A839-0D9633E25C69}.Debug|Any CPU.Build.0 = Debug|Any CPU
		{652D7A1C-B869-41B3-A839-0D9633E25C69}.Release|Any CPU.ActiveCfg = Release|Any CPU
		{652D7A1C-B869-41B3-A839-0D9633E25C69}.Release|Any CPU.Build.0 = Release|Any CPU
		{90975353-9E2B-497A-B26C-02CF8A4F0DB2}.Debug|Any CPU.ActiveCfg = Debug|Any CPU
		{90975353-9E2B-497A-B26C-02CF8A4F0DB2}.Debug|Any CPU.Build.0 = Debug|Any CPU
		{90975353-9E2B-497A-B26C-02CF8A4F0DB2}.Release|Any CPU.ActiveCfg = Release|Any CPU
		{90975353-9E2B-497A-B26C-02CF8A4F0DB2}.Release|Any CPU.Build.0 = Release|Any CPU
		{A63EBC78-B771-49F4-AD03-3D5AA68E0223}.Debug|Any CPU.ActiveCfg = Debug|Any CPU
		{A63EBC78-B771-49F4-AD03-3D5AA68E0223}.Debug|Any CPU.Build.0 = Debug|Any CPU
		{A63EBC78-B771-49F4-AD03-3D5AA68E0223}.Release|Any CPU.ActiveCfg = Release|Any CPU
		{A63EBC78-B771-49F4-AD03-3D5AA68E0223}.Release|Any CPU.Build.0 = Release|Any CPU
		{55E9F4C7-FEE9-4CF4-9C56-064898433FE3}.Debug|Any CPU.ActiveCfg = Debug|Any CPU
		{55E9F4C7-FEE9-4CF4-9C56-064898433FE3}.Debug|Any CPU.Build.0 = Debug|Any CPU
		{55E9F4C7-FEE9-4CF4-9C56-064898433FE3}.Release|Any CPU.ActiveCfg = Release|Any CPU
		{55E9F4C7-FEE9-4CF4-9C56-064898433FE3}.Release|Any CPU.Build.0 = Release|Any CPU
		{913F31B7-8571-4BD7-82FA-4D44EB1F2662}.Debug|Any CPU.ActiveCfg = Debug|Any CPU
		{913F31B7-8571-4BD7-82FA-4D44EB1F2662}.Debug|Any CPU.Build.0 = Debug|Any CPU
		{913F31B7-8571-4BD7-82FA-4D44EB1F2662}.Release|Any CPU.ActiveCfg = Release|Any CPU
		{913F31B7-8571-4BD7-82FA-4D44EB1F2662}.Release|Any CPU.Build.0 = Release|Any CPU
		{8F86D5C5-A6FD-4F34-BF3D-0ACB25CD9453}.Debug|Any CPU.ActiveCfg = Debug|Any CPU
		{8F86D5C5-A6FD-4F34-BF3D-0ACB25CD9453}.Debug|Any CPU.Build.0 = Debug|Any CPU
		{8F86D5C5-A6FD-4F34-BF3D-0ACB25CD9453}.Release|Any CPU.ActiveCfg = Release|Any CPU
		{8F86D5C5-A6FD-4F34-BF3D-0ACB25CD9453}.Release|Any CPU.Build.0 = Release|Any CPU
		{D5600FB5-6289-42DC-8889-B0491845EB69}.Debug|Any CPU.ActiveCfg = Debug|Any CPU
		{D5600FB5-6289-42DC-8889-B0491845EB69}.Debug|Any CPU.Build.0 = Debug|Any CPU
		{D5600FB5-6289-42DC-8889-B0491845EB69}.Release|Any CPU.ActiveCfg = Release|Any CPU
		{D5600FB5-6289-42DC-8889-B0491845EB69}.Release|Any CPU.Build.0 = Release|Any CPU
		{1BF26BEA-7F66-4C6F-BABA-BF72878D8F9D}.Debug|Any CPU.ActiveCfg = Debug|Any CPU
		{1BF26BEA-7F66-4C6F-BABA-BF72878D8F9D}.Debug|Any CPU.Build.0 = Debug|Any CPU
		{1BF26BEA-7F66-4C6F-BABA-BF72878D8F9D}.Release|Any CPU.ActiveCfg = Release|Any CPU
		{1BF26BEA-7F66-4C6F-BABA-BF72878D8F9D}.Release|Any CPU.Build.0 = Release|Any CPU
		{0A2B324A-9254-40D4-8803-02990CEC6EE7}.Debug|Any CPU.ActiveCfg = Debug|Any CPU
		{0A2B324A-9254-40D4-8803-02990CEC6EE7}.Debug|Any CPU.Build.0 = Debug|Any CPU
		{0A2B324A-9254-40D4-8803-02990CEC6EE7}.Release|Any CPU.ActiveCfg = Release|Any CPU
		{0A2B324A-9254-40D4-8803-02990CEC6EE7}.Release|Any CPU.Build.0 = Release|Any CPU
		{DD13DE71-5EE7-46B6-A834-73AE3D3F736A}.Debug|Any CPU.ActiveCfg = Debug|Any CPU
		{DD13DE71-5EE7-46B6-A834-73AE3D3F736A}.Debug|Any CPU.Build.0 = Debug|Any CPU
		{DD13DE71-5EE7-46B6-A834-73AE3D3F736A}.Release|Any CPU.ActiveCfg = Release|Any CPU
		{DD13DE71-5EE7-46B6-A834-73AE3D3F736A}.Release|Any CPU.Build.0 = Release|Any CPU
	EndGlobalSection
	GlobalSection(SolutionConfigurationPlatforms) = preSolution
		Debug|Any CPU = Debug|Any CPU
		Release|Any CPU = Release|Any CPU
	EndGlobalSection
	GlobalSection(NestedProjects) = preSolution
		{75DCFB2B-F301-495C-B3A9-EF5D2896096F} = {10608897-7CB9-4683-9541-8865C1A5D2E9}
		{4AD863B1-783E-47B6-945C-EEA044005626} = {10608897-7CB9-4683-9541-8865C1A5D2E9}
		{652D7A1C-B869-41B3-A839-0D9633E25C69} = {10608897-7CB9-4683-9541-8865C1A5D2E9}
		{90975353-9E2B-497A-B26C-02CF8A4F0DB2} = {87B059F2-7204-44CA-B8EC-BC64D27825D6}
		{A63EBC78-B771-49F4-AD03-3D5AA68E0223} = {87B059F2-7204-44CA-B8EC-BC64D27825D6}
		{55E9F4C7-FEE9-4CF4-9C56-064898433FE3} = {84BAC6CB-68CB-4877-B5B3-E8261E27C4C4}
		{913F31B7-8571-4BD7-82FA-4D44EB1F2662} = {84BAC6CB-68CB-4877-B5B3-E8261E27C4C4}
		{8F86D5C5-A6FD-4F34-BF3D-0ACB25CD9453} = {84BAC6CB-68CB-4877-B5B3-E8261E27C4C4}
		{D5600FB5-6289-42DC-8889-B0491845EB69} = {84BAC6CB-68CB-4877-B5B3-E8261E27C4C4}
		{1BF26BEA-7F66-4C6F-BABA-BF72878D8F9D} = {289689C7-AF80-443D-BA49-411450DF4F83}
		{0A2B324A-9254-40D4-8803-02990CEC6EE7} = {289689C7-AF80-443D-BA49-411450DF4F83}
		{DD13DE71-5EE7-46B6-A834-73AE3D3F736A} = {289689C7-AF80-443D-BA49-411450DF4F83}
	EndGlobalSection
EndGlobal
