
Microsoft Visual Studio Solution File, Format Version 12.00
#
Project("{2150E333-8FDC-42A3-9474-1A3956D46DE8}") = "src", "src", "{921BDEEE-5941-457E-801F-608EC1AFE921}"
EndProject
Project("{FAE04EC0-301F-11D3-BF4B-00C04F79EFBC}") = "Chirp.CLI.Client", "src\Chirp.CLI.Client\Chirp.CLI.Client.csproj", "{BCD2C64A-662E-4D51-BFF3-1FBFF8CCA55C}"
EndProject
Project("{FAE04EC0-301F-11D3-BF4B-00C04F79EFBC}") = "Chirp.CSVDBService", "src\Chirp.CSVDBService\Chirp.CSVDBService.csproj", "{105B70F0-164A-4F33-8AB0-CA0E39A19E47}"
EndProject
Project("{FAE04EC0-301F-11D3-BF4B-00C04F79EFBC}") = "Chirp.Razor", "src\Chirp.Razor\Chirp.Razor.csproj", "{7EE4C96A-A1D5-42AE-A6BD-1FF9ACD474CE}"
EndProject
Project("{FAE04EC0-301F-11D3-BF4B-00C04F79EFBC}") = "Chirp.SQLite", "src\Chirp.SQLite\Chirp.SQLite.csproj", "{73A35CC5-F596-47F9-8191-B09E141C814B}"
EndProject
Project("{FAE04EC0-301F-11D3-BF4B-00C04F79EFBC}") = "SimpleDB", "src\SimpleDB\SimpleDB.csproj", "{BE51411B-2887-4EA1-91F8-C97EB92F793B}"
EndProject
Project("{2150E333-8FDC-42A3-9474-1A3956D46DE8}") = "tests", "tests", "{86A44A85-6B9B-4482-9441-754723AE0F9E}"
EndProject
Project("{FAE04EC0-301F-11D3-BF4B-00C04F79EFBC}") = "Chirp.CLI.Client.Tests", "tests\Chirp.CLI.Client.Tests\Chirp.CLI.Client.Tests.csproj", "{26435489-FA94-4EFE-8370-0795D58A24BB}"
EndProject
Project("{FAE04EC0-301F-11D3-BF4B-00C04F79EFBC}") = "Chirp.CLI.CSVDatabase.Tests", "tests\Chirp.CLI.CSVDatabase.Tests\Chirp.CLI.CSVDatabase.Tests.csproj", "{F35C42A0-9DBE-41BD-BA01-8963A2500484}"
EndProject
Project("{FAE04EC0-301F-11D3-BF4B-00C04F79EFBC}") = "Chirp.CLI.CSVDBService.Tests", "tests\Chirp.CLI.CSVDBService.Tests\Chirp.CLI.CSVDBService.Tests.csproj", "{ED5CC7D4-81AB-464D-8E71-6756E80920F5}"
EndProject
Project("{FAE04EC0-301F-11D3-BF4B-00C04F79EFBC}") = "Chirp.CLI.SQLite.Tests", "tests\Chirp.CLI.SQLite.Tests\Chirp.CLI.SQLite.Tests.csproj", "{F12DCCB5-0AA2-4B04-B578-1BD0F110738B}"
EndProject
Project("{FAE04EC0-301F-11D3-BF4B-00C04F79EFBC}") = "Chirp.CLI.Razor.Tests", "tests\Chirp.CLI.Razor.Tests\Chirp.CLI.Razor.Tests.csproj", "{20F4E541-79FD-43C6-AF2C-52A3E47FEBA7}"
EndProject
Global
	GlobalSection(SolutionConfigurationPlatforms) = preSolution
		Debug|Any CPU = Debug|Any CPU
		Debug|x64 = Debug|x64
		Debug|x86 = Debug|x86
		Release|Any CPU = Release|Any CPU
		Release|x64 = Release|x64
		Release|x86 = Release|x86
	EndGlobalSection
	GlobalSection(ProjectConfigurationPlatforms) = postSolution
		{BCD2C64A-662E-4D51-BFF3-1FBFF8CCA55C}.Debug|Any CPU.ActiveCfg = Debug|Any CPU
		{BCD2C64A-662E-4D51-BFF3-1FBFF8CCA55C}.Debug|Any CPU.Build.0 = Debug|Any CPU
		{BCD2C64A-662E-4D51-BFF3-1FBFF8CCA55C}.Debug|x64.ActiveCfg = Debug|Any CPU
		{BCD2C64A-662E-4D51-BFF3-1FBFF8CCA55C}.Debug|x64.Build.0 = Debug|Any CPU
		{BCD2C64A-662E-4D51-BFF3-1FBFF8CCA55C}.Debug|x86.ActiveCfg = Debug|Any CPU
		{BCD2C64A-662E-4D51-BFF3-1FBFF8CCA55C}.Debug|x86.Build.0 = Debug|Any CPU
		{BCD2C64A-662E-4D51-BFF3-1FBFF8CCA55C}.Release|Any CPU.ActiveCfg = Release|Any CPU
		{BCD2C64A-662E-4D51-BFF3-1FBFF8CCA55C}.Release|Any CPU.Build.0 = Release|Any CPU
		{BCD2C64A-662E-4D51-BFF3-1FBFF8CCA55C}.Release|x64.ActiveCfg = Release|Any CPU
		{BCD2C64A-662E-4D51-BFF3-1FBFF8CCA55C}.Release|x64.Build.0 = Release|Any CPU
		{BCD2C64A-662E-4D51-BFF3-1FBFF8CCA55C}.Release|x86.ActiveCfg = Release|Any CPU
		{BCD2C64A-662E-4D51-BFF3-1FBFF8CCA55C}.Release|x86.Build.0 = Release|Any CPU
		{105B70F0-164A-4F33-8AB0-CA0E39A19E47}.Debug|Any CPU.ActiveCfg = Debug|Any CPU
		{105B70F0-164A-4F33-8AB0-CA0E39A19E47}.Debug|Any CPU.Build.0 = Debug|Any CPU
		{105B70F0-164A-4F33-8AB0-CA0E39A19E47}.Debug|x64.ActiveCfg = Debug|Any CPU
		{105B70F0-164A-4F33-8AB0-CA0E39A19E47}.Debug|x64.Build.0 = Debug|Any CPU
		{105B70F0-164A-4F33-8AB0-CA0E39A19E47}.Debug|x86.ActiveCfg = Debug|Any CPU
		{105B70F0-164A-4F33-8AB0-CA0E39A19E47}.Debug|x86.Build.0 = Debug|Any CPU
		{105B70F0-164A-4F33-8AB0-CA0E39A19E47}.Release|Any CPU.ActiveCfg = Release|Any CPU
		{105B70F0-164A-4F33-8AB0-CA0E39A19E47}.Release|Any CPU.Build.0 = Release|Any CPU
		{105B70F0-164A-4F33-8AB0-CA0E39A19E47}.Release|x64.ActiveCfg = Release|Any CPU
		{105B70F0-164A-4F33-8AB0-CA0E39A19E47}.Release|x64.Build.0 = Release|Any CPU
		{105B70F0-164A-4F33-8AB0-CA0E39A19E47}.Release|x86.ActiveCfg = Release|Any CPU
		{105B70F0-164A-4F33-8AB0-CA0E39A19E47}.Release|x86.Build.0 = Release|Any CPU
		{7EE4C96A-A1D5-42AE-A6BD-1FF9ACD474CE}.Debug|Any CPU.ActiveCfg = Debug|Any CPU
		{7EE4C96A-A1D5-42AE-A6BD-1FF9ACD474CE}.Debug|Any CPU.Build.0 = Debug|Any CPU
		{7EE4C96A-A1D5-42AE-A6BD-1FF9ACD474CE}.Debug|x64.ActiveCfg = Debug|Any CPU
		{7EE4C96A-A1D5-42AE-A6BD-1FF9ACD474CE}.Debug|x64.Build.0 = Debug|Any CPU
		{7EE4C96A-A1D5-42AE-A6BD-1FF9ACD474CE}.Debug|x86.ActiveCfg = Debug|Any CPU
		{7EE4C96A-A1D5-42AE-A6BD-1FF9ACD474CE}.Debug|x86.Build.0 = Debug|Any CPU
		{7EE4C96A-A1D5-42AE-A6BD-1FF9ACD474CE}.Release|Any CPU.ActiveCfg = Release|Any CPU
		{7EE4C96A-A1D5-42AE-A6BD-1FF9ACD474CE}.Release|Any CPU.Build.0 = Release|Any CPU
		{7EE4C96A-A1D5-42AE-A6BD-1FF9ACD474CE}.Release|x64.ActiveCfg = Release|Any CPU
		{7EE4C96A-A1D5-42AE-A6BD-1FF9ACD474CE}.Release|x64.Build.0 = Release|Any CPU
		{7EE4C96A-A1D5-42AE-A6BD-1FF9ACD474CE}.Release|x86.ActiveCfg = Release|Any CPU
		{7EE4C96A-A1D5-42AE-A6BD-1FF9ACD474CE}.Release|x86.Build.0 = Release|Any CPU
		{73A35CC5-F596-47F9-8191-B09E141C814B}.Debug|Any CPU.ActiveCfg = Debug|Any CPU
		{73A35CC5-F596-47F9-8191-B09E141C814B}.Debug|Any CPU.Build.0 = Debug|Any CPU
		{73A35CC5-F596-47F9-8191-B09E141C814B}.Debug|x64.ActiveCfg = Debug|Any CPU
		{73A35CC5-F596-47F9-8191-B09E141C814B}.Debug|x64.Build.0 = Debug|Any CPU
		{73A35CC5-F596-47F9-8191-B09E141C814B}.Debug|x86.ActiveCfg = Debug|Any CPU
		{73A35CC5-F596-47F9-8191-B09E141C814B}.Debug|x86.Build.0 = Debug|Any CPU
		{73A35CC5-F596-47F9-8191-B09E141C814B}.Release|Any CPU.ActiveCfg = Release|Any CPU
		{73A35CC5-F596-47F9-8191-B09E141C814B}.Release|Any CPU.Build.0 = Release|Any CPU
		{73A35CC5-F596-47F9-8191-B09E141C814B}.Release|x64.ActiveCfg = Release|Any CPU
		{73A35CC5-F596-47F9-8191-B09E141C814B}.Release|x64.Build.0 = Release|Any CPU
		{73A35CC5-F596-47F9-8191-B09E141C814B}.Release|x86.ActiveCfg = Release|Any CPU
		{73A35CC5-F596-47F9-8191-B09E141C814B}.Release|x86.Build.0 = Release|Any CPU
		{BE51411B-2887-4EA1-91F8-C97EB92F793B}.Debug|Any CPU.ActiveCfg = Debug|Any CPU
		{BE51411B-2887-4EA1-91F8-C97EB92F793B}.Debug|Any CPU.Build.0 = Debug|Any CPU
		{BE51411B-2887-4EA1-91F8-C97EB92F793B}.Debug|x64.ActiveCfg = Debug|Any CPU
		{BE51411B-2887-4EA1-91F8-C97EB92F793B}.Debug|x64.Build.0 = Debug|Any CPU
		{BE51411B-2887-4EA1-91F8-C97EB92F793B}.Debug|x86.ActiveCfg = Debug|Any CPU
		{BE51411B-2887-4EA1-91F8-C97EB92F793B}.Debug|x86.Build.0 = Debug|Any CPU
		{BE51411B-2887-4EA1-91F8-C97EB92F793B}.Release|Any CPU.ActiveCfg = Release|Any CPU
		{BE51411B-2887-4EA1-91F8-C97EB92F793B}.Release|Any CPU.Build.0 = Release|Any CPU
		{BE51411B-2887-4EA1-91F8-C97EB92F793B}.Release|x64.ActiveCfg = Release|Any CPU
		{BE51411B-2887-4EA1-91F8-C97EB92F793B}.Release|x64.Build.0 = Release|Any CPU
		{BE51411B-2887-4EA1-91F8-C97EB92F793B}.Release|x86.ActiveCfg = Release|Any CPU
		{BE51411B-2887-4EA1-91F8-C97EB92F793B}.Release|x86.Build.0 = Release|Any CPU
		{26435489-FA94-4EFE-8370-0795D58A24BB}.Debug|Any CPU.ActiveCfg = Debug|Any CPU
		{26435489-FA94-4EFE-8370-0795D58A24BB}.Debug|Any CPU.Build.0 = Debug|Any CPU
		{26435489-FA94-4EFE-8370-0795D58A24BB}.Debug|x64.ActiveCfg = Debug|Any CPU
		{26435489-FA94-4EFE-8370-0795D58A24BB}.Debug|x64.Build.0 = Debug|Any CPU
		{26435489-FA94-4EFE-8370-0795D58A24BB}.Debug|x86.ActiveCfg = Debug|Any CPU
		{26435489-FA94-4EFE-8370-0795D58A24BB}.Debug|x86.Build.0 = Debug|Any CPU
		{26435489-FA94-4EFE-8370-0795D58A24BB}.Release|Any CPU.ActiveCfg = Release|Any CPU
		{26435489-FA94-4EFE-8370-0795D58A24BB}.Release|Any CPU.Build.0 = Release|Any CPU
		{26435489-FA94-4EFE-8370-0795D58A24BB}.Release|x64.ActiveCfg = Release|Any CPU
		{26435489-FA94-4EFE-8370-0795D58A24BB}.Release|x64.Build.0 = Release|Any CPU
		{26435489-FA94-4EFE-8370-0795D58A24BB}.Release|x86.ActiveCfg = Release|Any CPU
		{26435489-FA94-4EFE-8370-0795D58A24BB}.Release|x86.Build.0 = Release|Any CPU
		{F35C42A0-9DBE-41BD-BA01-8963A2500484}.Debug|Any CPU.ActiveCfg = Debug|Any CPU
		{F35C42A0-9DBE-41BD-BA01-8963A2500484}.Debug|Any CPU.Build.0 = Debug|Any CPU
		{F35C42A0-9DBE-41BD-BA01-8963A2500484}.Debug|x64.ActiveCfg = Debug|Any CPU
		{F35C42A0-9DBE-41BD-BA01-8963A2500484}.Debug|x64.Build.0 = Debug|Any CPU
		{F35C42A0-9DBE-41BD-BA01-8963A2500484}.Debug|x86.ActiveCfg = Debug|Any CPU
		{F35C42A0-9DBE-41BD-BA01-8963A2500484}.Debug|x86.Build.0 = Debug|Any CPU
		{F35C42A0-9DBE-41BD-BA01-8963A2500484}.Release|Any CPU.ActiveCfg = Release|Any CPU
		{F35C42A0-9DBE-41BD-BA01-8963A2500484}.Release|Any CPU.Build.0 = Release|Any CPU
		{F35C42A0-9DBE-41BD-BA01-8963A2500484}.Release|x64.ActiveCfg = Release|Any CPU
		{F35C42A0-9DBE-41BD-BA01-8963A2500484}.Release|x64.Build.0 = Release|Any CPU
		{F35C42A0-9DBE-41BD-BA01-8963A2500484}.Release|x86.ActiveCfg = Release|Any CPU
		{F35C42A0-9DBE-41BD-BA01-8963A2500484}.Release|x86.Build.0 = Release|Any CPU
		{ED5CC7D4-81AB-464D-8E71-6756E80920F5}.Debug|Any CPU.ActiveCfg = Debug|Any CPU
		{ED5CC7D4-81AB-464D-8E71-6756E80920F5}.Debug|Any CPU.Build.0 = Debug|Any CPU
		{ED5CC7D4-81AB-464D-8E71-6756E80920F5}.Debug|x64.ActiveCfg = Debug|Any CPU
		{ED5CC7D4-81AB-464D-8E71-6756E80920F5}.Debug|x64.Build.0 = Debug|Any CPU
		{ED5CC7D4-81AB-464D-8E71-6756E80920F5}.Debug|x86.ActiveCfg = Debug|Any CPU
		{ED5CC7D4-81AB-464D-8E71-6756E80920F5}.Debug|x86.Build.0 = Debug|Any CPU
		{ED5CC7D4-81AB-464D-8E71-6756E80920F5}.Release|Any CPU.ActiveCfg = Release|Any CPU
		{ED5CC7D4-81AB-464D-8E71-6756E80920F5}.Release|Any CPU.Build.0 = Release|Any CPU
		{ED5CC7D4-81AB-464D-8E71-6756E80920F5}.Release|x64.ActiveCfg = Release|Any CPU
		{ED5CC7D4-81AB-464D-8E71-6756E80920F5}.Release|x64.Build.0 = Release|Any CPU
		{ED5CC7D4-81AB-464D-8E71-6756E80920F5}.Release|x86.ActiveCfg = Release|Any CPU
		{ED5CC7D4-81AB-464D-8E71-6756E80920F5}.Release|x86.Build.0 = Release|Any CPU
		{F12DCCB5-0AA2-4B04-B578-1BD0F110738B}.Debug|Any CPU.ActiveCfg = Debug|Any CPU
		{F12DCCB5-0AA2-4B04-B578-1BD0F110738B}.Debug|Any CPU.Build.0 = Debug|Any CPU
		{F12DCCB5-0AA2-4B04-B578-1BD0F110738B}.Debug|x64.ActiveCfg = Debug|Any CPU
		{F12DCCB5-0AA2-4B04-B578-1BD0F110738B}.Debug|x64.Build.0 = Debug|Any CPU
		{F12DCCB5-0AA2-4B04-B578-1BD0F110738B}.Debug|x86.ActiveCfg = Debug|Any CPU
		{F12DCCB5-0AA2-4B04-B578-1BD0F110738B}.Debug|x86.Build.0 = Debug|Any CPU
		{F12DCCB5-0AA2-4B04-B578-1BD0F110738B}.Release|Any CPU.ActiveCfg = Release|Any CPU
		{F12DCCB5-0AA2-4B04-B578-1BD0F110738B}.Release|Any CPU.Build.0 = Release|Any CPU
		{F12DCCB5-0AA2-4B04-B578-1BD0F110738B}.Release|x64.ActiveCfg = Release|Any CPU
		{F12DCCB5-0AA2-4B04-B578-1BD0F110738B}.Release|x64.Build.0 = Release|Any CPU
		{F12DCCB5-0AA2-4B04-B578-1BD0F110738B}.Release|x86.ActiveCfg = Release|Any CPU
		{F12DCCB5-0AA2-4B04-B578-1BD0F110738B}.Release|x86.Build.0 = Release|Any CPU
		{20F4E541-79FD-43C6-AF2C-52A3E47FEBA7}.Debug|Any CPU.ActiveCfg = Debug|Any CPU
		{20F4E541-79FD-43C6-AF2C-52A3E47FEBA7}.Debug|Any CPU.Build.0 = Debug|Any CPU
		{20F4E541-79FD-43C6-AF2C-52A3E47FEBA7}.Debug|x64.ActiveCfg = Debug|Any CPU
		{20F4E541-79FD-43C6-AF2C-52A3E47FEBA7}.Debug|x64.Build.0 = Debug|Any CPU
		{20F4E541-79FD-43C6-AF2C-52A3E47FEBA7}.Debug|x86.ActiveCfg = Debug|Any CPU
		{20F4E541-79FD-43C6-AF2C-52A3E47FEBA7}.Debug|x86.Build.0 = Debug|Any CPU
		{20F4E541-79FD-43C6-AF2C-52A3E47FEBA7}.Release|Any CPU.ActiveCfg = Release|Any CPU
		{20F4E541-79FD-43C6-AF2C-52A3E47FEBA7}.Release|Any CPU.Build.0 = Release|Any CPU
		{20F4E541-79FD-43C6-AF2C-52A3E47FEBA7}.Release|x64.ActiveCfg = Release|Any CPU
		{20F4E541-79FD-43C6-AF2C-52A3E47FEBA7}.Release|x64.Build.0 = Release|Any CPU
		{20F4E541-79FD-43C6-AF2C-52A3E47FEBA7}.Release|x86.ActiveCfg = Release|Any CPU
		{20F4E541-79FD-43C6-AF2C-52A3E47FEBA7}.Release|x86.Build.0 = Release|Any CPU
	EndGlobalSection
	GlobalSection(NestedProjects) = preSolution
		{BCD2C64A-662E-4D51-BFF3-1FBFF8CCA55C} = {921BDEEE-5941-457E-801F-608EC1AFE921}
		{105B70F0-164A-4F33-8AB0-CA0E39A19E47} = {921BDEEE-5941-457E-801F-608EC1AFE921}
		{7EE4C96A-A1D5-42AE-A6BD-1FF9ACD474CE} = {921BDEEE-5941-457E-801F-608EC1AFE921}
		{73A35CC5-F596-47F9-8191-B09E141C814B} = {921BDEEE-5941-457E-801F-608EC1AFE921}
		{BE51411B-2887-4EA1-91F8-C97EB92F793B} = {921BDEEE-5941-457E-801F-608EC1AFE921}
		{26435489-FA94-4EFE-8370-0795D58A24BB} = {86A44A85-6B9B-4482-9441-754723AE0F9E}
		{F35C42A0-9DBE-41BD-BA01-8963A2500484} = {86A44A85-6B9B-4482-9441-754723AE0F9E}
		{ED5CC7D4-81AB-464D-8E71-6756E80920F5} = {86A44A85-6B9B-4482-9441-754723AE0F9E}
		{F12DCCB5-0AA2-4B04-B578-1BD0F110738B} = {86A44A85-6B9B-4482-9441-754723AE0F9E}
		{20F4E541-79FD-43C6-AF2C-52A3E47FEBA7} = {86A44A85-6B9B-4482-9441-754723AE0F9E}
	EndGlobalSection
EndGlobal
